<?xml version="1.0" encoding="UTF-8"?>
<CodeBlocks_project_file>
	<FileVersion major="1" minor="6"/>
	<Project>
		<Option title="TXV_ECUI_LLSERVER"/>
		<Option makefile_is_custom="1"/>
		<Option compiler="gcc"/>
		<Option virtualFolders="CMake Files\;"/>
		<Build>
			<Target title="all">
				<Option working_dir="/Volumes/Data/markus/Programming/SpaceTeam/TXV_ECUI_LLServer"/>
				<Option type="4"/>
				<MakeCommands>
					<Build command="/usr/bin/make -j8 -f &quot;/Volumes/Data/markus/Programming/SpaceTeam/TXV_ECUI_LLServer/Makefile&quot;  VERBOSE=1 all"/>
					<CompileFile command="/usr/bin/make -j8 -f &quot;/Volumes/Data/markus/Programming/SpaceTeam/TXV_ECUI_LLServer/Makefile&quot;  VERBOSE=1 &quot;$file&quot;"/>
					<Clean command="/usr/bin/make -j8 -f &quot;/Volumes/Data/markus/Programming/SpaceTeam/TXV_ECUI_LLServer/Makefile&quot;  VERBOSE=1 clean"/>
					<DistClean command="/usr/bin/make -j8 -f &quot;/Volumes/Data/markus/Programming/SpaceTeam/TXV_ECUI_LLServer/Makefile&quot;  VERBOSE=1 clean"/>
				</MakeCommands>
			</Target>
			<Target title="rebuild_cache">
				<Option working_dir="/Volumes/Data/markus/Programming/SpaceTeam/TXV_ECUI_LLServer"/>
				<Option type="4"/>
				<MakeCommands>
					<Build command="/usr/bin/make -j8 -f &quot;/Volumes/Data/markus/Programming/SpaceTeam/TXV_ECUI_LLServer/Makefile&quot;  VERBOSE=1 rebuild_cache"/>
					<CompileFile command="/usr/bin/make -j8 -f &quot;/Volumes/Data/markus/Programming/SpaceTeam/TXV_ECUI_LLServer/Makefile&quot;  VERBOSE=1 &quot;$file&quot;"/>
					<Clean command="/usr/bin/make -j8 -f &quot;/Volumes/Data/markus/Programming/SpaceTeam/TXV_ECUI_LLServer/Makefile&quot;  VERBOSE=1 clean"/>
					<DistClean command="/usr/bin/make -j8 -f &quot;/Volumes/Data/markus/Programming/SpaceTeam/TXV_ECUI_LLServer/Makefile&quot;  VERBOSE=1 clean"/>
				</MakeCommands>
			</Target>
			<Target title="edit_cache">
				<Option working_dir="/Volumes/Data/markus/Programming/SpaceTeam/TXV_ECUI_LLServer"/>
				<Option type="4"/>
				<MakeCommands>
					<Build command="/usr/bin/make -j8 -f &quot;/Volumes/Data/markus/Programming/SpaceTeam/TXV_ECUI_LLServer/Makefile&quot;  VERBOSE=1 edit_cache"/>
					<CompileFile command="/usr/bin/make -j8 -f &quot;/Volumes/Data/markus/Programming/SpaceTeam/TXV_ECUI_LLServer/Makefile&quot;  VERBOSE=1 &quot;$file&quot;"/>
					<Clean command="/usr/bin/make -j8 -f &quot;/Volumes/Data/markus/Programming/SpaceTeam/TXV_ECUI_LLServer/Makefile&quot;  VERBOSE=1 clean"/>
					<DistClean command="/usr/bin/make -j8 -f &quot;/Volumes/Data/markus/Programming/SpaceTeam/TXV_ECUI_LLServer/Makefile&quot;  VERBOSE=1 clean"/>
				</MakeCommands>
			</Target>
			<Target title="TXV_ECUI_LLSERVER">
				<Option output="/Volumes/Data/markus/Programming/SpaceTeam/TXV_ECUI_LLServer/TXV_ECUI_LLSERVER" prefix_auto="0" extension_auto="0"/>
				<Option working_dir="/Volumes/Data/markus/Programming/SpaceTeam/TXV_ECUI_LLServer"/>
				<Option object_output="./"/>
				<Option type="1"/>
				<Option compiler="gcc"/>
				<Compiler>
					<Add directory="/Volumes/Data/markus/Programming/SpaceTeam/TXV_ECUI_LLServer/include"/>
					<Add directory="/Library/Developer/CommandLineTools/usr/include/c++/v1"/>
					<Add directory="/usr/local/include"/>
					<Add directory="/Library/Developer/CommandLineTools/usr/lib/clang/10.0.1/include"/>
					<Add directory="/Library/Developer/CommandLineTools/usr/include"/>
					<Add directory="/System/Library/Frameworks"/>
					<Add directory="/Library/Frameworks"/>
				</Compiler>
				<MakeCommands>
					<Build command="/usr/bin/make -j8 -f &quot;/Volumes/Data/markus/Programming/SpaceTeam/TXV_ECUI_LLServer/Makefile&quot;  VERBOSE=1 TXV_ECUI_LLSERVER"/>
					<CompileFile command="/usr/bin/make -j8 -f &quot;/Volumes/Data/markus/Programming/SpaceTeam/TXV_ECUI_LLServer/Makefile&quot;  VERBOSE=1 &quot;$file&quot;"/>
					<Clean command="/usr/bin/make -j8 -f &quot;/Volumes/Data/markus/Programming/SpaceTeam/TXV_ECUI_LLServer/Makefile&quot;  VERBOSE=1 clean"/>
					<DistClean command="/usr/bin/make -j8 -f &quot;/Volumes/Data/markus/Programming/SpaceTeam/TXV_ECUI_LLServer/Makefile&quot;  VERBOSE=1 clean"/>
				</MakeCommands>
			</Target>
			<Target title="TXV_ECUI_LLSERVER/fast">
				<Option output="/Volumes/Data/markus/Programming/SpaceTeam/TXV_ECUI_LLServer/TXV_ECUI_LLSERVER" prefix_auto="0" extension_auto="0"/>
				<Option working_dir="/Volumes/Data/markus/Programming/SpaceTeam/TXV_ECUI_LLServer"/>
				<Option object_output="./"/>
				<Option type="1"/>
				<Option compiler="gcc"/>
				<Compiler>
					<Add directory="/Volumes/Data/markus/Programming/SpaceTeam/TXV_ECUI_LLServer/include"/>
					<Add directory="/Library/Developer/CommandLineTools/usr/include/c++/v1"/>
					<Add directory="/usr/local/include"/>
					<Add directory="/Library/Developer/CommandLineTools/usr/lib/clang/10.0.1/include"/>
					<Add directory="/Library/Developer/CommandLineTools/usr/include"/>
					<Add directory="/System/Library/Frameworks"/>
					<Add directory="/Library/Frameworks"/>
				</Compiler>
				<MakeCommands>
					<Build command="/usr/bin/make -j8 -f &quot;/Volumes/Data/markus/Programming/SpaceTeam/TXV_ECUI_LLServer/Makefile&quot;  VERBOSE=1 TXV_ECUI_LLSERVER/fast"/>
					<CompileFile command="/usr/bin/make -j8 -f &quot;/Volumes/Data/markus/Programming/SpaceTeam/TXV_ECUI_LLServer/Makefile&quot;  VERBOSE=1 &quot;$file&quot;"/>
					<Clean command="/usr/bin/make -j8 -f &quot;/Volumes/Data/markus/Programming/SpaceTeam/TXV_ECUI_LLServer/Makefile&quot;  VERBOSE=1 clean"/>
					<DistClean command="/usr/bin/make -j8 -f &quot;/Volumes/Data/markus/Programming/SpaceTeam/TXV_ECUI_LLServer/Makefile&quot;  VERBOSE=1 clean"/>
				</MakeCommands>
			</Target>
		</Build>
		<Unit filename="/Volumes/Data/markus/Programming/SpaceTeam/TXV_ECUI_LLServer/include/Debug.h">
			<Option target="TXV_ECUI_LLSERVER"/>
		</Unit>
		<Unit filename="/Volumes/Data/markus/Programming/SpaceTeam/TXV_ECUI_LLServer/include/SequenceManager.h">
			<Option target="TXV_ECUI_LLSERVER"/>
		</Unit>
		<Unit filename="/Volumes/Data/markus/Programming/SpaceTeam/TXV_ECUI_LLServer/include/Socket.h">
			<Option target="TXV_ECUI_LLSERVER"/>
		</Unit>
		<Unit filename="/Volumes/Data/markus/Programming/SpaceTeam/TXV_ECUI_LLServer/include/Timer.h">
			<Option target="TXV_ECUI_LLSERVER"/>
		</Unit>
		<Unit filename="/Volumes/Data/markus/Programming/SpaceTeam/TXV_ECUI_LLServer/include/common.h">
			<Option target="TXV_ECUI_LLSERVER"/>
		</Unit>
		<Unit filename="/Volumes/Data/markus/Programming/SpaceTeam/TXV_ECUI_LLServer/include/config.h">
			<Option target="TXV_ECUI_LLSERVER"/>
		</Unit>
		<Unit filename="/Volumes/Data/markus/Programming/SpaceTeam/TXV_ECUI_LLServer/include/utils.h">
			<Option target="TXV_ECUI_LLSERVER"/>
		</Unit>
		<Unit filename="/Volumes/Data/markus/Programming/SpaceTeam/TXV_ECUI_LLServer/main.cpp">
			<Option target="TXV_ECUI_LLSERVER"/>
		</Unit>
		<Unit filename="/Volumes/Data/markus/Programming/SpaceTeam/TXV_ECUI_LLServer/serialTest.cpp">
			<Option target="TXV_ECUI_LLSERVER"/>
		</Unit>
		<Unit filename="/Volumes/Data/markus/Programming/SpaceTeam/TXV_ECUI_LLServer/src/Debug.cpp">
			<Option target="TXV_ECUI_LLSERVER"/>
		</Unit>
		<Unit filename="/Volumes/Data/markus/Programming/SpaceTeam/TXV_ECUI_LLServer/src/SequenceManager.cpp">
			<Option target="TXV_ECUI_LLSERVER"/>
		</Unit>
		<Unit filename="/Volumes/Data/markus/Programming/SpaceTeam/TXV_ECUI_LLServer/src/Serial.cpp">
			<Option target="TXV_ECUI_LLSERVER"/>
		</Unit>
		<Unit filename="/Volumes/Data/markus/Programming/SpaceTeam/TXV_ECUI_LLServer/src/Socket.cpp">
			<Option target="TXV_ECUI_LLSERVER"/>
		</Unit>
		<Unit filename="/Volumes/Data/markus/Programming/SpaceTeam/TXV_ECUI_LLServer/src/Timer.cpp">
			<Option target="TXV_ECUI_LLSERVER"/>
		</Unit>
		<Unit filename="/Volumes/Data/markus/Programming/SpaceTeam/TXV_ECUI_LLServer/src/utils.cpp">
			<Option target="TXV_ECUI_LLSERVER"/>
		</Unit>
		<Unit filename="/Volumes/Data/markus/Programming/SpaceTeam/TXV_ECUI_LLServer/CMakeLists.txt">
			<Option virtualFolder="CMake Files\"/>
		</Unit>
	</Project>
</CodeBlocks_project_file>
