<?xml version="1.0" encoding="UTF-8"?>
<CodeBlocks_project_file>
	<FileVersion major="1" minor="6"/>
	<Project>
		<Option title="TXV_ECUI_LLSERVER"/>
		<Option makefile_is_custom="1"/>
		<Option compiler="gcc"/>
		<Option virtualFolders="CMake Files\;"/>
		<Build>
			<Target title="all">
				<Option working_dir="/home/luis/Projects/TU Space Team/Base11/TXV_ECUI_LLServer"/>
				<Option type="4"/>
				<MakeCommands>
					<Build command="/usr/bin/make -f &quot;/home/luis/Projects/TU\ Space\ Team/Base11/TXV_ECUI_LLServer/Makefile&quot;  VERBOSE=1 all"/>
					<CompileFile command="/usr/bin/make -f &quot;/home/luis/Projects/TU\ Space\ Team/Base11/TXV_ECUI_LLServer/Makefile&quot;  VERBOSE=1 &quot;$file&quot;"/>
					<Clean command="/usr/bin/make -f &quot;/home/luis/Projects/TU\ Space\ Team/Base11/TXV_ECUI_LLServer/Makefile&quot;  VERBOSE=1 clean"/>
					<DistClean command="/usr/bin/make -f &quot;/home/luis/Projects/TU\ Space\ Team/Base11/TXV_ECUI_LLServer/Makefile&quot;  VERBOSE=1 clean"/>
				</MakeCommands>
			</Target>
			<Target title="rebuild_cache">
				<Option working_dir="/home/luis/Projects/TU Space Team/Base11/TXV_ECUI_LLServer"/>
				<Option type="4"/>
				<MakeCommands>
					<Build command="/usr/bin/make -f &quot;/home/luis/Projects/TU\ Space\ Team/Base11/TXV_ECUI_LLServer/Makefile&quot;  VERBOSE=1 rebuild_cache"/>
					<CompileFile command="/usr/bin/make -f &quot;/home/luis/Projects/TU\ Space\ Team/Base11/TXV_ECUI_LLServer/Makefile&quot;  VERBOSE=1 &quot;$file&quot;"/>
					<Clean command="/usr/bin/make -f &quot;/home/luis/Projects/TU\ Space\ Team/Base11/TXV_ECUI_LLServer/Makefile&quot;  VERBOSE=1 clean"/>
					<DistClean command="/usr/bin/make -f &quot;/home/luis/Projects/TU\ Space\ Team/Base11/TXV_ECUI_LLServer/Makefile&quot;  VERBOSE=1 clean"/>
				</MakeCommands>
			</Target>
			<Target title="TXV_ECUI_LLSERVER">
				<Option output="/home/luis/Projects/TU Space Team/Base11/TXV_ECUI_LLServer/TXV_ECUI_LLSERVER" prefix_auto="0" extension_auto="0"/>
				<Option working_dir="/home/luis/Projects/TU Space Team/Base11/TXV_ECUI_LLServer"/>
				<Option object_output="./"/>
				<Option type="1"/>
				<Option compiler="gcc"/>
				<Compiler>
					<Add directory="/home/luis/Projects/TU Space Team/Base11/TXV_ECUI_LLServer/include"/>
				</Compiler>
				<MakeCommands>
					<Build command="/usr/bin/make -f &quot;/home/luis/Projects/TU\ Space\ Team/Base11/TXV_ECUI_LLServer/Makefile&quot;  VERBOSE=1 TXV_ECUI_LLSERVER"/>
					<CompileFile command="/usr/bin/make -f &quot;/home/luis/Projects/TU\ Space\ Team/Base11/TXV_ECUI_LLServer/Makefile&quot;  VERBOSE=1 &quot;$file&quot;"/>
					<Clean command="/usr/bin/make -f &quot;/home/luis/Projects/TU\ Space\ Team/Base11/TXV_ECUI_LLServer/Makefile&quot;  VERBOSE=1 clean"/>
					<DistClean command="/usr/bin/make -f &quot;/home/luis/Projects/TU\ Space\ Team/Base11/TXV_ECUI_LLServer/Makefile&quot;  VERBOSE=1 clean"/>
				</MakeCommands>
			</Target>
			<Target title="TXV_ECUI_LLSERVER/fast">
				<Option output="/home/luis/Projects/TU Space Team/Base11/TXV_ECUI_LLServer/TXV_ECUI_LLSERVER" prefix_auto="0" extension_auto="0"/>
				<Option working_dir="/home/luis/Projects/TU Space Team/Base11/TXV_ECUI_LLServer"/>
				<Option object_output="./"/>
				<Option type="1"/>
				<Option compiler="gcc"/>
				<Compiler>
					<Add directory="/home/luis/Projects/TU Space Team/Base11/TXV_ECUI_LLServer/include"/>
				</Compiler>
				<MakeCommands>
					<Build command="/usr/bin/make -f &quot;/home/luis/Projects/TU\ Space\ Team/Base11/TXV_ECUI_LLServer/Makefile&quot;  VERBOSE=1 TXV_ECUI_LLSERVER/fast"/>
					<CompileFile command="/usr/bin/make -f &quot;/home/luis/Projects/TU\ Space\ Team/Base11/TXV_ECUI_LLServer/Makefile&quot;  VERBOSE=1 &quot;$file&quot;"/>
					<Clean command="/usr/bin/make -f &quot;/home/luis/Projects/TU\ Space\ Team/Base11/TXV_ECUI_LLServer/Makefile&quot;  VERBOSE=1 clean"/>
					<DistClean command="/usr/bin/make -f &quot;/home/luis/Projects/TU\ Space\ Team/Base11/TXV_ECUI_LLServer/Makefile&quot;  VERBOSE=1 clean"/>
				</MakeCommands>
			</Target>
			<Target title="edit_cache">
				<Option working_dir="/home/luis/Projects/TU Space Team/Base11/TXV_ECUI_LLServer"/>
				<Option type="4"/>
				<MakeCommands>
					<Build command="/usr/bin/make -f &quot;/home/luis/Projects/TU\ Space\ Team/Base11/TXV_ECUI_LLServer/Makefile&quot;  VERBOSE=1 edit_cache"/>
					<CompileFile command="/usr/bin/make -f &quot;/home/luis/Projects/TU\ Space\ Team/Base11/TXV_ECUI_LLServer/Makefile&quot;  VERBOSE=1 &quot;$file&quot;"/>
					<Clean command="/usr/bin/make -f &quot;/home/luis/Projects/TU\ Space\ Team/Base11/TXV_ECUI_LLServer/Makefile&quot;  VERBOSE=1 clean"/>
					<DistClean command="/usr/bin/make -f &quot;/home/luis/Projects/TU\ Space\ Team/Base11/TXV_ECUI_LLServer/Makefile&quot;  VERBOSE=1 clean"/>
				</MakeCommands>
			</Target>
		</Build>
		<Unit filename="/home/luis/Projects/TU Space Team/Base11/TXV_ECUI_LLServer/include/Config_new.h">
			<Option target="TXV_ECUI_LLSERVER"/>
		</Unit>
		<Unit filename="/home/luis/Projects/TU Space Team/Base11/TXV_ECUI_LLServer/include/Debug.h">
			<Option target="TXV_ECUI_LLSERVER"/>
		</Unit>
		<Unit filename="/home/luis/Projects/TU Space Team/Base11/TXV_ECUI_LLServer/include/EcuiSocket.h">
			<Option target="TXV_ECUI_LLSERVER"/>
		</Unit>
		<Unit filename="/home/luis/Projects/TU Space Team/Base11/TXV_ECUI_LLServer/include/HcpCommands.h">
			<Option target="TXV_ECUI_LLSERVER"/>
		</Unit>
		<Unit filename="/home/luis/Projects/TU Space Team/Base11/TXV_ECUI_LLServer/include/HcpManager.h">
			<Option target="TXV_ECUI_LLSERVER"/>
		</Unit>
		<Unit filename="/home/luis/Projects/TU Space Team/Base11/TXV_ECUI_LLServer/include/I2C.h">
			<Option target="TXV_ECUI_LLSERVER"/>
		</Unit>
		<Unit filename="/home/luis/Projects/TU Space Team/Base11/TXV_ECUI_LLServer/include/LLController.h">
			<Option target="TXV_ECUI_LLSERVER"/>
		</Unit>
		<Unit filename="/home/luis/Projects/TU Space Team/Base11/TXV_ECUI_LLServer/include/LLInterface.h">
			<Option target="TXV_ECUI_LLSERVER"/>
		</Unit>
		<Unit filename="/home/luis/Projects/TU Space Team/Base11/TXV_ECUI_LLServer/include/Logging.h">
			<Option target="TXV_ECUI_LLSERVER"/>
		</Unit>
		<Unit filename="/home/luis/Projects/TU Space Team/Base11/TXV_ECUI_LLServer/include/Mapping.h">
			<Option target="TXV_ECUI_LLSERVER"/>
		</Unit>
		<Unit filename="/home/luis/Projects/TU Space Team/Base11/TXV_ECUI_LLServer/include/SequenceManager.h">
			<Option target="TXV_ECUI_LLSERVER"/>
		</Unit>
		<Unit filename="/home/luis/Projects/TU Space Team/Base11/TXV_ECUI_LLServer/include/Serial.h">
			<Option target="TXV_ECUI_LLSERVER"/>
		</Unit>
		<Unit filename="/home/luis/Projects/TU Space Team/Base11/TXV_ECUI_LLServer/include/Socket.h">
			<Option target="TXV_ECUI_LLSERVER"/>
		</Unit>
		<Unit filename="/home/luis/Projects/TU Space Team/Base11/TXV_ECUI_LLServer/include/Timer.h">
			<Option target="TXV_ECUI_LLSERVER"/>
		</Unit>
		<Unit filename="/home/luis/Projects/TU Space Team/Base11/TXV_ECUI_LLServer/include/TmPoE.h">
			<Option target="TXV_ECUI_LLSERVER"/>
		</Unit>
		<Unit filename="/home/luis/Projects/TU Space Team/Base11/TXV_ECUI_LLServer/include/WarnLight.h">
			<Option target="TXV_ECUI_LLSERVER"/>
		</Unit>
		<Unit filename="/home/luis/Projects/TU Space Team/Base11/TXV_ECUI_LLServer/include/common.h">
			<Option target="TXV_ECUI_LLSERVER"/>
		</Unit>
		<Unit filename="/home/luis/Projects/TU Space Team/Base11/TXV_ECUI_LLServer/include/config.h">
			<Option target="TXV_ECUI_LLSERVER"/>
		</Unit>
		<Unit filename="/home/luis/Projects/TU Space Team/Base11/TXV_ECUI_LLServer/include/utils.h">
			<Option target="TXV_ECUI_LLSERVER"/>
		</Unit>
		<Unit filename="/home/luis/Projects/TU Space Team/Base11/TXV_ECUI_LLServer/main.cpp">
			<Option target="TXV_ECUI_LLSERVER"/>
		</Unit>
		<Unit filename="/home/luis/Projects/TU Space Team/Base11/TXV_ECUI_LLServer/serialTest.cpp">
			<Option target="TXV_ECUI_LLSERVER"/>
		</Unit>
		<Unit filename="/home/luis/Projects/TU Space Team/Base11/TXV_ECUI_LLServer/src/Config_new.cpp">
			<Option target="TXV_ECUI_LLSERVER"/>
		</Unit>
		<Unit filename="/home/luis/Projects/TU Space Team/Base11/TXV_ECUI_LLServer/src/Debug.cpp">
			<Option target="TXV_ECUI_LLSERVER"/>
		</Unit>
		<Unit filename="/home/luis/Projects/TU Space Team/Base11/TXV_ECUI_LLServer/src/EcuiSocket.cpp">
			<Option target="TXV_ECUI_LLSERVER"/>
		</Unit>
		<Unit filename="/home/luis/Projects/TU Space Team/Base11/TXV_ECUI_LLServer/src/HcpCommands.cpp">
			<Option target="TXV_ECUI_LLSERVER"/>
		</Unit>
		<Unit filename="/home/luis/Projects/TU Space Team/Base11/TXV_ECUI_LLServer/src/HcpManager.cpp">
			<Option target="TXV_ECUI_LLSERVER"/>
		</Unit>
		<Unit filename="/home/luis/Projects/TU Space Team/Base11/TXV_ECUI_LLServer/src/I2C.cpp">
			<Option target="TXV_ECUI_LLSERVER"/>
		</Unit>
		<Unit filename="/home/luis/Projects/TU Space Team/Base11/TXV_ECUI_LLServer/src/LLController.cpp">
			<Option target="TXV_ECUI_LLSERVER"/>
		</Unit>
		<Unit filename="/home/luis/Projects/TU Space Team/Base11/TXV_ECUI_LLServer/src/LLInterface.cpp">
			<Option target="TXV_ECUI_LLSERVER"/>
		</Unit>
		<Unit filename="/home/luis/Projects/TU Space Team/Base11/TXV_ECUI_LLServer/src/Mapping.cpp">
			<Option target="TXV_ECUI_LLSERVER"/>
		</Unit>
		<Unit filename="/home/luis/Projects/TU Space Team/Base11/TXV_ECUI_LLServer/src/SequenceManager.cpp">
			<Option target="TXV_ECUI_LLSERVER"/>
		</Unit>
		<Unit filename="/home/luis/Projects/TU Space Team/Base11/TXV_ECUI_LLServer/src/Serial.cpp">
			<Option target="TXV_ECUI_LLSERVER"/>
		</Unit>
		<Unit filename="/home/luis/Projects/TU Space Team/Base11/TXV_ECUI_LLServer/src/Socket.cpp">
			<Option target="TXV_ECUI_LLSERVER"/>
		</Unit>
		<Unit filename="/home/luis/Projects/TU Space Team/Base11/TXV_ECUI_LLServer/src/Timer.cpp">
			<Option target="TXV_ECUI_LLSERVER"/>
		</Unit>
		<Unit filename="/home/luis/Projects/TU Space Team/Base11/TXV_ECUI_LLServer/src/TmPoE.cpp">
			<Option target="TXV_ECUI_LLSERVER"/>
		</Unit>
		<Unit filename="/home/luis/Projects/TU Space Team/Base11/TXV_ECUI_LLServer/src/WarnLight.cpp">
			<Option target="TXV_ECUI_LLSERVER"/>
		</Unit>
		<Unit filename="/home/luis/Projects/TU Space Team/Base11/TXV_ECUI_LLServer/src/utils.cpp">
			<Option target="TXV_ECUI_LLSERVER"/>
		</Unit>
		<Unit filename="/home/luis/Projects/TU Space Team/Base11/TXV_ECUI_LLServer/CMakeLists.txt">
			<Option virtualFolder="CMake Files\"/>
		</Unit>
	</Project>
</CodeBlocks_project_file>
